<?xml version="1.0" encoding="utf-8"?>
<Project ToolsVersion="4.0" xmlns="http://schemas.microsoft.com/developer/msbuild/2003">
  <ItemGroup>
    <Filter Include="源文件">
      <UniqueIdentifier>{4FC737F1-C7A5-4376-A066-2A32D752A2FF}</UniqueIdentifier>
      <Extensions>cpp;c;cc;cxx;def;odl;idl;hpj;bat;asm;asmx</Extensions>
    </Filter>
    <Filter Include="头文件">
      <UniqueIdentifier>{93995380-89BD-4b04-88EB-625FBE52EBFB}</UniqueIdentifier>
      <Extensions>h;hh;hpp;hxx;hm;inl;inc;xsd</Extensions>
    </Filter>
    <Filter Include="资源文件">
      <UniqueIdentifier>{67DA6AB6-F800-4c08-8B7A-83BB121AAD01}</UniqueIdentifier>
      <Extensions>rc;ico;cur;bmp;dlg;rc2;rct;bin;rgs;gif;jpg;jpeg;jpe;resx;tiff;tif;png;wav;mfcribbon-ms</Extensions>
    </Filter>
    <Filter Include="UVConns">
      <UniqueIdentifier>{d1ebecdd-8b9d-47ec-9996-5b0017c8d62d}</UniqueIdentifier>
    </Filter>
    <Filter Include="VSPort">
      <UniqueIdentifier>{6194aacb-1e3c-4c82-bdc6-5598aa6567cd}</UniqueIdentifier>
    </Filter>
    <Filter Include="vspd">
      <UniqueIdentifier>{9ec2e90f-71d2-4957-8fbc-c59eb0f2b188}</UniqueIdentifier>
    </Filter>
  </ItemGroup>
  <ItemGroup>
    <Text Include="ReadMe.txt" />
  </ItemGroup>
  <ItemGroup>
    <ClCompile Include="AccApi.cpp">
      <Filter>源文件</Filter>
    </ClCompile>
    <ClCompile Include="StreamApi.cpp">
      <Filter>源文件</Filter>
    </ClCompile>
    <ClCompile Include="PlugInApi.cpp">
      <Filter>源文件</Filter>
    </ClCompile>
    <ClCompile Include="ServicesApi.cpp">
      <Filter>源文件</Filter>
    </ClCompile>
    <ClCompile Include="PluginLoader.cpp">
      <Filter>源文件</Filter>
    </ClCompile>
    <ClCompile Include="DataJson.cpp">
      <Filter>源文件</Filter>
    </ClCompile>
    <ClCompile Include="PortMgr.cpp">
      <Filter>UVConns</Filter>
    </ClCompile>
    <ClCompile Include="TcpClient.cpp">
      <Filter>UVConns</Filter>
    </ClCompile>
    <ClCompile Include="TcpServer.cpp">
      <Filter>UVConns</Filter>
    </ClCompile>
    <ClCompile Include="Udp.cpp">
      <Filter>UVConns</Filter>
    </ClCompile>
    <ClCompile Include="VSPort.cpp">
      <Filter>VSPort</Filter>
    </ClCompile>
    <ClCompile Include="VSPortMgr.cpp">
      <Filter>VSPort</Filter>
    </ClCompile>
    <ClCompile Include="vspd\ftvspc.c">
      <Filter>vspd</Filter>
    </ClCompile>
    <ClCompile Include="PluginPort.cpp">
      <Filter>源文件</Filter>
    </ClCompile>
  </ItemGroup>
  <ItemGroup>
    <ClInclude Include="AccApi.h">
      <Filter>头文件</Filter>
    </ClInclude>
    <ClInclude Include="DataDefs.h">
      <Filter>头文件</Filter>
    </ClInclude>
    <ClInclude Include="StreamApi.h">
      <Filter>头文件</Filter>
    </ClInclude>
    <ClInclude Include="PlugInApi.h">
      <Filter>头文件</Filter>
    </ClInclude>
    <ClInclude Include="PlugInDefs.h">
      <Filter>头文件</Filter>
    </ClInclude>
    <ClInclude Include="ServicesApi.h">
      <Filter>头文件</Filter>
    </ClInclude>
    <ClInclude Include="PluginLoader.h">
      <Filter>头文件</Filter>
    </ClInclude>
    <ClInclude Include="DataJson.h">
      <Filter>头文件</Filter>
    </ClInclude>
    <ClInclude Include="Handlers.h">
      <Filter>UVConns</Filter>
    </ClInclude>
    <ClInclude Include="TcpClient.h">
      <Filter>UVConns</Filter>
    </ClInclude>
    <ClInclude Include="TcpServer.h">
      <Filter>UVConns</Filter>
    </ClInclude>
    <ClInclude Include="Udp.h">
      <Filter>UVConns</Filter>
    </ClInclude>
    <ClInclude Include="PortMgr.h">
      <Filter>UVConns</Filter>
    </ClInclude>
    <ClInclude Include="VSPort.h">
      <Filter>VSPort</Filter>
    </ClInclude>
    <ClInclude Include="VSPortMgr.h">
      <Filter>VSPort</Filter>
    </ClInclude>
    <ClInclude Include="vspd\ftvspc.h">
      <Filter>vspd</Filter>
    </ClInclude>
    <ClInclude Include="vspd\ftvspcstructs.h">
      <Filter>vspd</Filter>
    </ClInclude>
    <ClInclude Include="vspd\ftvspctypes.h">
      <Filter>vspd</Filter>
    </ClInclude>
    <ClInclude Include="PluginPort.h">
      <Filter>头文件</Filter>
    </ClInclude>
  </ItemGroup>
</Project>