
Microsoft Visual Studio Solution File, Format Version 12.00
# Visual Studio 14
VisualStudioVersion = 14.0.25123.0
MinimumVisualStudioVersion = 10.0.40219.1
Project("{8BC9CEB8-8B4A-11D0-8D11-00A0C91BC942}") = "RemoteConnector", "RemoteConnector\RemoteConnector.vcxproj", "{CE83A8A0-828A-4FA1-9A1B-457BDA57CD82}"
	ProjectSection(ProjectDependencies) = postProject
		{093A2035-2BF1-42B6-BCF4-79B58EAF9F40} = {093A2035-2BF1-42B6-BCF4-79B58EAF9F40}
		{480768DD-F9C1-4865-973B-A820F1403D4E} = {480768DD-F9C1-4865-973B-A820F1403D4E}
		{3FFB1BFA-D2D6-4427-9645-588F81BFEF28} = {3FFB1BFA-D2D6-4427-9645-588F81BFEF28}
	EndProjectSection
EndProject
Project("{2150E333-8FDC-42A3-9474-1A3956D46DE8}") = "0_libs", "0_libs", "{157F011E-2400-4A4B-AA29-A0E56D532302}"
EndProject
Project("{8BC9CEB8-8B4A-11D0-8D11-00A0C91BC942}") = "enet", "libs\enet\enet.vcxproj", "{31984B3C-D213-48D3-8162-2E2BD460A115}"
EndProject
Project("{2150E333-8FDC-42A3-9474-1A3956D46DE8}") = "Servers", "Servers", "{3C7185CF-E1F4-416A-994E-92E6D6A9AF37}"
EndProject
Project("{2150E333-8FDC-42A3-9474-1A3956D46DE8}") = "GUI", "GUI", "{F51AD415-FBDB-48A1-9FDD-26B98F9C7D24}"
EndProject
Project("{8BC9CEB8-8B4A-11D0-8D11-00A0C91BC942}") = "AccServer", "AccServer\AccServer.vcxproj", "{093A2035-2BF1-42B6-BCF4-79B58EAF9F40}"
EndProject
Project("{8BC9CEB8-8B4A-11D0-8D11-00A0C91BC942}") = "StreamServer", "StreamServer\StreamServer.vcxproj", "{3FFB1BFA-D2D6-4427-9645-588F81BFEF28}"
EndProject
Project("{8BC9CEB8-8B4A-11D0-8D11-00A0C91BC942}") = "Mapper", "Mapper\Mapper.vcxproj", "{480768DD-F9C1-4865-973B-A820F1403D4E}"
EndProject
Project("{8BC9CEB8-8B4A-11D0-8D11-00A0C91BC942}") = "ServerCP", "ServerCP\ServerCP.vcxproj", "{0C10729C-05AC-453D-93C6-297AB9AF3083}"
EndProject
Project("{8BC9CEB8-8B4A-11D0-8D11-00A0C91BC942}") = "serial", "libs\serial\visual_studio\serial\serial.vcxproj", "{A8517FB2-C74E-43BD-B3C6-B05D3FC11ECD}"
EndProject
Project("{8BC9CEB8-8B4A-11D0-8D11-00A0C91BC942}") = "RemoteConnectorApi", "RemoteConnectorApi\RemoteConnectorApi.vcxproj", "{32697B75-21CA-424E-A680-E748130241B4}"
EndProject
Project("{8BC9CEB8-8B4A-11D0-8D11-00A0C91BC942}") = "common", "libs\common\common.vcxproj", "{FF5C36D8-7D75-4997-B83A-C1EF1619F8E9}"
EndProject
Project("{2150E333-8FDC-42A3-9474-1A3956D46DE8}") = "Clients", "Clients", "{5798EF34-7E11-437A-9B14-D061A928D956}"
EndProject
Project("{2150E333-8FDC-42A3-9474-1A3956D46DE8}") = "SDK", "SDK", "{86D47F2D-A51B-4FC5-885D-454770C605FA}"
EndProject
Project("{8BC9CEB8-8B4A-11D0-8D11-00A0C91BC942}") = "sqlite3", "libs\sqlite3\sqlite3.vcxproj", "{5DC00BB8-6D7E-4C95-8A27-969F268BDAB7}"
EndProject
Project("{8BC9CEB8-8B4A-11D0-8D11-00A0C91BC942}") = "api", "libs\api\api.vcxproj", "{847182CE-47FA-457E-BEAB-E6E58FC56EC0}"
EndProject
Global
	GlobalSection(SolutionConfigurationPlatforms) = preSolution
		Debug|x64 = Debug|x64
		Debug|x86 = Debug|x86
		Release|x64 = Release|x64
		Release|x86 = Release|x86
	EndGlobalSection
	GlobalSection(ProjectConfigurationPlatforms) = postSolution
		{CE83A8A0-828A-4FA1-9A1B-457BDA57CD82}.Debug|x64.ActiveCfg = Release|x64
		{CE83A8A0-828A-4FA1-9A1B-457BDA57CD82}.Debug|x64.Build.0 = Release|x64
		{CE83A8A0-828A-4FA1-9A1B-457BDA57CD82}.Debug|x86.ActiveCfg = Debug|Win32
		{CE83A8A0-828A-4FA1-9A1B-457BDA57CD82}.Debug|x86.Build.0 = Debug|Win32
		{CE83A8A0-828A-4FA1-9A1B-457BDA57CD82}.Release|x64.ActiveCfg = Release|x64
		{CE83A8A0-828A-4FA1-9A1B-457BDA57CD82}.Release|x64.Build.0 = Release|x64
		{CE83A8A0-828A-4FA1-9A1B-457BDA57CD82}.Release|x86.ActiveCfg = Release|Win32
		{CE83A8A0-828A-4FA1-9A1B-457BDA57CD82}.Release|x86.Build.0 = Release|Win32
		{31984B3C-D213-48D3-8162-2E2BD460A115}.Debug|x64.ActiveCfg = Release|x64
		{31984B3C-D213-48D3-8162-2E2BD460A115}.Debug|x64.Build.0 = Release|x64
		{31984B3C-D213-48D3-8162-2E2BD460A115}.Debug|x86.ActiveCfg = Debug|Win32
		{31984B3C-D213-48D3-8162-2E2BD460A115}.Debug|x86.Build.0 = Debug|Win32
		{31984B3C-D213-48D3-8162-2E2BD460A115}.Release|x64.ActiveCfg = Release|x64
		{31984B3C-D213-48D3-8162-2E2BD460A115}.Release|x64.Build.0 = Release|x64
		{31984B3C-D213-48D3-8162-2E2BD460A115}.Release|x86.ActiveCfg = Release|Win32
		{31984B3C-D213-48D3-8162-2E2BD460A115}.Release|x86.Build.0 = Release|Win32
		{093A2035-2BF1-42B6-BCF4-79B58EAF9F40}.Debug|x64.ActiveCfg = Release|x64
		{093A2035-2BF1-42B6-BCF4-79B58EAF9F40}.Debug|x64.Build.0 = Release|x64
		{093A2035-2BF1-42B6-BCF4-79B58EAF9F40}.Debug|x86.ActiveCfg = Debug|Win32
		{093A2035-2BF1-42B6-BCF4-79B58EAF9F40}.Debug|x86.Build.0 = Debug|Win32
		{093A2035-2BF1-42B6-BCF4-79B58EAF9F40}.Release|x64.ActiveCfg = Release|x64
		{093A2035-2BF1-42B6-BCF4-79B58EAF9F40}.Release|x64.Build.0 = Release|x64
		{093A2035-2BF1-42B6-BCF4-79B58EAF9F40}.Release|x86.ActiveCfg = Release|Win32
		{093A2035-2BF1-42B6-BCF4-79B58EAF9F40}.Release|x86.Build.0 = Release|Win32
		{3FFB1BFA-D2D6-4427-9645-588F81BFEF28}.Debug|x64.ActiveCfg = Release|x64
		{3FFB1BFA-D2D6-4427-9645-588F81BFEF28}.Debug|x64.Build.0 = Release|x64
		{3FFB1BFA-D2D6-4427-9645-588F81BFEF28}.Debug|x86.ActiveCfg = Debug|Win32
		{3FFB1BFA-D2D6-4427-9645-588F81BFEF28}.Debug|x86.Build.0 = Debug|Win32
		{3FFB1BFA-D2D6-4427-9645-588F81BFEF28}.Release|x64.ActiveCfg = Release|x64
		{3FFB1BFA-D2D6-4427-9645-588F81BFEF28}.Release|x64.Build.0 = Release|x64
		{3FFB1BFA-D2D6-4427-9645-588F81BFEF28}.Release|x86.ActiveCfg = Release|Win32
		{3FFB1BFA-D2D6-4427-9645-588F81BFEF28}.Release|x86.Build.0 = Release|Win32
		{480768DD-F9C1-4865-973B-A820F1403D4E}.Debug|x64.ActiveCfg = Release|x64
		{480768DD-F9C1-4865-973B-A820F1403D4E}.Debug|x64.Build.0 = Release|x64
		{480768DD-F9C1-4865-973B-A820F1403D4E}.Debug|x86.ActiveCfg = Debug|Win32
		{480768DD-F9C1-4865-973B-A820F1403D4E}.Debug|x86.Build.0 = Debug|Win32
		{480768DD-F9C1-4865-973B-A820F1403D4E}.Release|x64.ActiveCfg = Release|x64
		{480768DD-F9C1-4865-973B-A820F1403D4E}.Release|x64.Build.0 = Release|x64
		{480768DD-F9C1-4865-973B-A820F1403D4E}.Release|x86.ActiveCfg = Release|Win32
		{480768DD-F9C1-4865-973B-A820F1403D4E}.Release|x86.Build.0 = Release|Win32
		{0C10729C-05AC-453D-93C6-297AB9AF3083}.Debug|x64.ActiveCfg = Release|x64
		{0C10729C-05AC-453D-93C6-297AB9AF3083}.Debug|x64.Build.0 = Release|x64
		{0C10729C-05AC-453D-93C6-297AB9AF3083}.Debug|x86.ActiveCfg = Debug|Win32
		{0C10729C-05AC-453D-93C6-297AB9AF3083}.Debug|x86.Build.0 = Debug|Win32
		{0C10729C-05AC-453D-93C6-297AB9AF3083}.Release|x64.ActiveCfg = Release|x64
		{0C10729C-05AC-453D-93C6-297AB9AF3083}.Release|x64.Build.0 = Release|x64
		{0C10729C-05AC-453D-93C6-297AB9AF3083}.Release|x86.ActiveCfg = Release|Win32
		{0C10729C-05AC-453D-93C6-297AB9AF3083}.Release|x86.Build.0 = Release|Win32
		{A8517FB2-C74E-43BD-B3C6-B05D3FC11ECD}.Debug|x64.ActiveCfg = Release|x64
		{A8517FB2-C74E-43BD-B3C6-B05D3FC11ECD}.Debug|x64.Build.0 = Release|x64
		{A8517FB2-C74E-43BD-B3C6-B05D3FC11ECD}.Debug|x86.ActiveCfg = Debug|Win32
		{A8517FB2-C74E-43BD-B3C6-B05D3FC11ECD}.Debug|x86.Build.0 = Debug|Win32
		{A8517FB2-C74E-43BD-B3C6-B05D3FC11ECD}.Release|x64.ActiveCfg = Release|x64
		{A8517FB2-C74E-43BD-B3C6-B05D3FC11ECD}.Release|x64.Build.0 = Release|x64
		{A8517FB2-C74E-43BD-B3C6-B05D3FC11ECD}.Release|x86.ActiveCfg = Release|Win32
		{A8517FB2-C74E-43BD-B3C6-B05D3FC11ECD}.Release|x86.Build.0 = Release|Win32
		{32697B75-21CA-424E-A680-E748130241B4}.Debug|x64.ActiveCfg = Release|x64
		{32697B75-21CA-424E-A680-E748130241B4}.Debug|x64.Build.0 = Release|x64
		{32697B75-21CA-424E-A680-E748130241B4}.Debug|x86.ActiveCfg = Debug|Win32
		{32697B75-21CA-424E-A680-E748130241B4}.Debug|x86.Build.0 = Debug|Win32
		{32697B75-21CA-424E-A680-E748130241B4}.Release|x64.ActiveCfg = Release|x64
		{32697B75-21CA-424E-A680-E748130241B4}.Release|x64.Build.0 = Release|x64
		{32697B75-21CA-424E-A680-E748130241B4}.Release|x86.ActiveCfg = Release|Win32
		{32697B75-21CA-424E-A680-E748130241B4}.Release|x86.Build.0 = Release|Win32
		{FF5C36D8-7D75-4997-B83A-C1EF1619F8E9}.Debug|x64.ActiveCfg = Release|x64
		{FF5C36D8-7D75-4997-B83A-C1EF1619F8E9}.Debug|x64.Build.0 = Release|x64
		{FF5C36D8-7D75-4997-B83A-C1EF1619F8E9}.Debug|x86.ActiveCfg = Debug|Win32
		{FF5C36D8-7D75-4997-B83A-C1EF1619F8E9}.Debug|x86.Build.0 = Debug|Win32
		{FF5C36D8-7D75-4997-B83A-C1EF1619F8E9}.Release|x64.ActiveCfg = Release|x64
		{FF5C36D8-7D75-4997-B83A-C1EF1619F8E9}.Release|x64.Build.0 = Release|x64
		{FF5C36D8-7D75-4997-B83A-C1EF1619F8E9}.Release|x86.ActiveCfg = Release|Win32
		{FF5C36D8-7D75-4997-B83A-C1EF1619F8E9}.Release|x86.Build.0 = Release|Win32
		{5DC00BB8-6D7E-4C95-8A27-969F268BDAB7}.Debug|x64.ActiveCfg = Debug|x64
		{5DC00BB8-6D7E-4C95-8A27-969F268BDAB7}.Debug|x64.Build.0 = Debug|x64
		{5DC00BB8-6D7E-4C95-8A27-969F268BDAB7}.Debug|x86.ActiveCfg = Debug|Win32
		{5DC00BB8-6D7E-4C95-8A27-969F268BDAB7}.Debug|x86.Build.0 = Debug|Win32
		{5DC00BB8-6D7E-4C95-8A27-969F268BDAB7}.Release|x64.ActiveCfg = Release|x64
		{5DC00BB8-6D7E-4C95-8A27-969F268BDAB7}.Release|x64.Build.0 = Release|x64
		{5DC00BB8-6D7E-4C95-8A27-969F268BDAB7}.Release|x86.ActiveCfg = Release|Win32
		{5DC00BB8-6D7E-4C95-8A27-969F268BDAB7}.Release|x86.Build.0 = Release|Win32
		{847182CE-47FA-457E-BEAB-E6E58FC56EC0}.Debug|x64.ActiveCfg = Debug|x64
		{847182CE-47FA-457E-BEAB-E6E58FC56EC0}.Debug|x64.Build.0 = Debug|x64
		{847182CE-47FA-457E-BEAB-E6E58FC56EC0}.Debug|x86.ActiveCfg = Debug|Win32
		{847182CE-47FA-457E-BEAB-E6E58FC56EC0}.Debug|x86.Build.0 = Debug|Win32
		{847182CE-47FA-457E-BEAB-E6E58FC56EC0}.Release|x64.ActiveCfg = Release|x64
		{847182CE-47FA-457E-BEAB-E6E58FC56EC0}.Release|x64.Build.0 = Release|x64
		{847182CE-47FA-457E-BEAB-E6E58FC56EC0}.Release|x86.ActiveCfg = Release|Win32
		{847182CE-47FA-457E-BEAB-E6E58FC56EC0}.Release|x86.Build.0 = Release|Win32
	EndGlobalSection
	GlobalSection(SolutionProperties) = preSolution
		HideSolutionNode = FALSE
	EndGlobalSection
	GlobalSection(NestedProjects) = preSolution
		{CE83A8A0-828A-4FA1-9A1B-457BDA57CD82} = {F51AD415-FBDB-48A1-9FDD-26B98F9C7D24}
		{31984B3C-D213-48D3-8162-2E2BD460A115} = {157F011E-2400-4A4B-AA29-A0E56D532302}
		{093A2035-2BF1-42B6-BCF4-79B58EAF9F40} = {3C7185CF-E1F4-416A-994E-92E6D6A9AF37}
		{3FFB1BFA-D2D6-4427-9645-588F81BFEF28} = {3C7185CF-E1F4-416A-994E-92E6D6A9AF37}
		{480768DD-F9C1-4865-973B-A820F1403D4E} = {5798EF34-7E11-437A-9B14-D061A928D956}
		{0C10729C-05AC-453D-93C6-297AB9AF3083} = {F51AD415-FBDB-48A1-9FDD-26B98F9C7D24}
		{A8517FB2-C74E-43BD-B3C6-B05D3FC11ECD} = {157F011E-2400-4A4B-AA29-A0E56D532302}
		{32697B75-21CA-424E-A680-E748130241B4} = {86D47F2D-A51B-4FC5-885D-454770C605FA}
		{FF5C36D8-7D75-4997-B83A-C1EF1619F8E9} = {157F011E-2400-4A4B-AA29-A0E56D532302}
		{5DC00BB8-6D7E-4C95-8A27-969F268BDAB7} = {157F011E-2400-4A4B-AA29-A0E56D532302}
		{847182CE-47FA-457E-BEAB-E6E58FC56EC0} = {86D47F2D-A51B-4FC5-885D-454770C605FA}
	EndGlobalSection
EndGlobal
